
Microsoft Visual Studio Solution File, Format Version 12.00
# Visual Studio Version 16
VisualStudioVersion = 16.0.31911.196
MinimumVisualStudioVersion = 10.0.40219.1
Project("{FAE04EC0-301F-11D3-BF4B-00C04F79EFBC}") = "Kodowanie Shannona-Fano", "Kodowanie Shannona-Fano\Kodowanie Shannona-Fano.csproj", "{57A10EC1-5FC7-4CE9-B270-86844E4FF773}"
EndProject
Global
	GlobalSection(SolutionConfigurationPlatforms) = preSolution
		Debug|Any CPU = Debug|Any CPU
		Release|Any CPU = Release|Any CPU
	EndGlobalSection
	GlobalSection(ProjectConfigurationPlatforms) = postSolution
		{57A10EC1-5FC7-4CE9-B270-86844E4FF773}.Debug|Any CPU.ActiveCfg = Debug|Any CPU
		{57A10EC1-5FC7-4CE9-B270-86844E4FF773}.Debug|Any CPU.Build.0 = Debug|Any CPU
		{57A10EC1-5FC7-4CE9-B270-86844E4FF773}.Release|Any CPU.ActiveCfg = Release|Any CPU
		{57A10EC1-5FC7-4CE9-B270-86844E4FF773}.Release|Any CPU.Build.0 = Release|Any CPU
	EndGlobalSection
	GlobalSection(SolutionProperties) = preSolution
		HideSolutionNode = FALSE
	EndGlobalSection
	GlobalSection(ExtensibilityGlobals) = postSolution
		SolutionGuid = {02355C06-321F-4C43-9B58-2D078752840F}
	EndGlobalSection
EndGlobal
